// !$*UTF8*$!
{
	archiveVersion = 1;
	classes = {
	};
	objectVersion = 77;
	objects = {

/* Begin PBXContainerItemProxy section */
		D5FE145B2DAC8D4F00B6284D /* PBXContainerItemProxy */ = {
			isa = PBXContainerItemProxy;
			containerPortal = D5FE14422DAC8D4D00B6284D /* Project object */;
			proxyType = 1;
			remoteGlobalIDString = D5FE14492DAC8D4D00B6284D;
			remoteInfo = "API SOCCER";
		};
		D5FE14652DAC8D4F00B6284D /* PBXContainerItemProxy */ = {
			isa = PBXContainerItemProxy;
			containerPortal = D5FE14422DAC8D4D00B6284D /* Project object */;
			proxyType = 1;
			remoteGlobalIDString = D5FE14492DAC8D4D00B6284D;
			remoteInfo = "API SOCCER";
		};
/* End PBXContainerItemProxy section */

/* Begin PBXFileReference section */
		D5FE144A2DAC8D4D00B6284D /* API SOCCER.app */ = {isa = PBXFileReference; explicitFileType = wrapper.application; includeInIndex = 0; path = "API SOCCER.app"; sourceTree = BUILT_PRODUCTS_DIR; };
		D5FE145A2DAC8D4F00B6284D /* API SOCCERTests.xctest */ = {isa = PBXFileReference; explicitFileType = wrapper.cfbundle; includeInIndex = 0; path = "API SOCCERTests.xctest"; sourceTree = BUILT_PRODUCTS_DIR; };
		D5FE14642DAC8D4F00B6284D /* API SOCCERUITests.xctest */ = {isa = PBXFileReference; explicitFileType = wrapper.cfbundle; includeInIndex = 0; path = "API SOCCERUITests.xctest"; sourceTree = BUILT_PRODUCTS_DIR; };
/* End PBXFileReference section */

/* Begin PBXFileSystemSynchronizedRootGroup section */
		D5FE144C2DAC8D4D00B6284D /* API SOCCER */ = {
			isa = PBXFileSystemSynchronizedRootGroup;
			path = "API SOCCER";
			sourceTree = "<group>";
		};
		D5FE145D2DAC8D4F00B6284D /* API SOCCERTests */ = {
			isa = PBXFileSystemSynchronizedRootGroup;
			path = "API SOCCERTests";
			sourceTree = "<group>";
		};
		D5FE14672DAC8D4F00B6284D /* API SOCCERUITests */ = {
			isa = PBXFileSystemSynchronizedRootGroup;
			path = "API SOCCERUITests";
			sourceTree = "<group>";
		};
/* End PBXFileSystemSynchronizedRootGroup section */

/* Begin PBXFrameworksBuildPhase section */
		D5FE14472DAC8D4D00B6284D /* Frameworks */ = {
			isa = PBXFrameworksBuildPhase;
			buildActionMask = 2147483647;
			files = (
			);
			runOnlyForDeploymentPostprocessing = 0;
		};
		D5FE14572DAC8D4F00B6284D /* Frameworks */ = {
			isa = PBXFrameworksBuildPhase;
			buildActionMask = 2147483647;
			files = (
			);
			runOnlyForDeploymentPostprocessing = 0;
		};
		D5FE14612DAC8D4F00B6284D /* Frameworks */ = {
			isa = PBXFrameworksBuildPhase;
			buildActionMask = 2147483647;
			files = (
			);
			runOnlyForDeploymentPostprocessing = 0;
		};
/* End PBXFrameworksBuildPhase section */

/* Begin PBXGroup section */
		D5FE14412DAC8D4D00B6284D = {
			isa = PBXGroup;
			children = (
				D5FE144C2DAC8D4D00B6284D /* API SOCCER */,
				D5FE145D2DAC8D4F00B6284D /* API SOCCERTests */,
				D5FE14672DAC8D4F00B6284D /* API SOCCERUITests */,
				D5FE144B2DAC8D4D00B6284D /* Products */,
			);
			sourceTree = "<group>";
		};
		D5FE144B2DAC8D4D00B6284D /* Products */ = {
			isa = PBXGroup;
			children = (
				D5FE144A2DAC8D4D00B6284D /* API SOCCER.app */,
				D5FE145A2DAC8D4F00B6284D /* API SOCCERTests.xctest */,
				D5FE14642DAC8D4F00B6284D /* API SOCCERUITests.xctest */,
			);
			name = Products;
			sourceTree = "<group>";
		};
/* End PBXGroup section */

/* Begin PBXNativeTarget section */
		D5FE14492DAC8D4D00B6284D /* API SOCCER */ = {
			isa = PBXNativeTarget;
			buildConfigurationList = D5FE146E2DAC8D4F00B6284D /* Build configuration list for PBXNativeTarget "API SOCCER" */;
			buildPhases = (
				D5FE14462DAC8D4D00B6284D /* Sources */,
				D5FE14472DAC8D4D00B6284D /* Frameworks */,
				D5FE14482DAC8D4D00B6284D /* Resources */,
			);
			buildRules = (
			);
			dependencies = (
			);
			fileSystemSynchronizedGroups = (
				D5FE144C2DAC8D4D00B6284D /* API SOCCER */,
			);
			name = "API SOCCER";
			packageProductDependencies = (
			);
			productName = "API SOCCER";
			productReference = D5FE144A2DAC8D4D00B6284D /* API SOCCER.app */;
			productType = "com.apple.product-type.application";
		};
		D5FE14592DAC8D4F00B6284D /* API SOCCERTests */ = {
			isa = PBXNativeTarget;
			buildConfigurationList = D5FE14712DAC8D4F00B6284D /* Build configuration list for PBXNativeTarget "API SOCCERTests" */;
			buildPhases = (
				D5FE14562DAC8D4F00B6284D /* Sources */,
				D5FE14572DAC8D4F00B6284D /* Frameworks */,
				D5FE14582DAC8D4F00B6284D /* Resources */,
			);
			buildRules = (
			);
			dependencies = (
				D5FE145C2DAC8D4F00B6284D /* PBXTargetDependency */,
			);
			fileSystemSynchronizedGroups = (
				D5FE145D2DAC8D4F00B6284D /* API SOCCERTests */,
			);
			name = "API SOCCERTests";
			packageProductDependencies = (
			);
			productName = "API SOCCERTests";
			productReference = D5FE145A2DAC8D4F00B6284D /* API SOCCERTests.xctest */;
			productType = "com.apple.product-type.bundle.unit-test";
		};
		D5FE14632DAC8D4F00B6284D /* API SOCCERUITests */ = {
			isa = PBXNativeTarget;
			buildConfigurationList = D5FE14742DAC8D4F00B6284D /* Build configuration list for PBXNativeTarget "API SOCCERUITests" */;
			buildPhases = (
				D5FE14602DAC8D4F00B6284D /* Sources */,
				D5FE14612DAC8D4F00B6284D /* Frameworks */,
				D5FE14622DAC8D4F00B6284D /* Resources */,
			);
			buildRules = (
			);
			dependencies = (
				D5FE14662DAC8D4F00B6284D /* PBXTargetDependency */,
			);
			fileSystemSynchronizedGroups = (
				D5FE14672DAC8D4F00B6284D /* API SOCCERUITests */,
			);
			name = "API SOCCERUITests";
			packageProductDependencies = (
			);
			productName = "API SOCCERUITests";
			productReference = D5FE14642DAC8D4F00B6284D /* API SOCCERUITests.xctest */;
			productType = "com.apple.product-type.bundle.ui-testing";
		};
/* End PBXNativeTarget section */

/* Begin PBXProject section */
		D5FE14422DAC8D4D00B6284D /* Project object */ = {
			isa = PBXProject;
			attributes = {
				BuildIndependentTargetsInParallel = 1;
				LastSwiftUpdateCheck = 1620;
				LastUpgradeCheck = 1620;
				TargetAttributes = {
					D5FE14492DAC8D4D00B6284D = {
						CreatedOnToolsVersion = 16.2;
					};
					D5FE14592DAC8D4F00B6284D = {
						CreatedOnToolsVersion = 16.2;
						TestTargetID = D5FE14492DAC8D4D00B6284D;
					};
					D5FE14632DAC8D4F00B6284D = {
						CreatedOnToolsVersion = 16.2;
						TestTargetID = D5FE14492DAC8D4D00B6284D;
					};
				};
			};
			buildConfigurationList = D5FE14452DAC8D4D00B6284D /* Build configuration list for PBXProject "API SOCCER" */;
			developmentRegion = en;
			hasScannedForEncodings = 0;
			knownRegions = (
				en,
				Base,
			);
			mainGroup = D5FE14412DAC8D4D00B6284D;
			minimizedProjectReferenceProxies = 1;
			preferredProjectObjectVersion = 77;
			productRefGroup = D5FE144B2DAC8D4D00B6284D /* Products */;
			projectDirPath = "";
			projectRoot = "";
			targets = (
				D5FE14492DAC8D4D00B6284D /* API SOCCER */,
				D5FE14592DAC8D4F00B6284D /* API SOCCERTests */,
				D5FE14632DAC8D4F00B6284D /* API SOCCERUITests */,
			);
		};
/* End PBXProject section */

/* Begin PBXResourcesBuildPhase section */
		D5FE14482DAC8D4D00B6284D /* Resources */ = {
			isa = PBXResourcesBuildPhase;
			buildActionMask = 2147483647;
			files = (
			);
			runOnlyForDeploymentPostprocessing = 0;
		};
		D5FE14582DAC8D4F00B6284D /* Resources */ = {
			isa = PBXResourcesBuildPhase;
			buildActionMask = 2147483647;
			files = (
			);
			runOnlyForDeploymentPostprocessing = 0;
		};
		D5FE14622DAC8D4F00B6284D /* Resources */ = {
			isa = PBXResourcesBuildPhase;
			buildActionMask = 2147483647;
			files = (
			);
			runOnlyForDeploymentPostprocessing = 0;
		};
/* End PBXResourcesBuildPhase section */

/* Begin PBXSourcesBuildPhase section */
		D5FE14462DAC8D4D00B6284D /* Sources */ = {
			isa = PBXSourcesBuildPhase;
			buildActionMask = 2147483647;
			files = (
			);
			runOnlyForDeploymentPostprocessing = 0;
		};
		D5FE14562DAC8D4F00B6284D /* Sources */ = {
			isa = PBXSourcesBuildPhase;
			buildActionMask = 2147483647;
			files = (
			);
			runOnlyForDeploymentPostprocessing = 0;
		};
		D5FE14602DAC8D4F00B6284D /* Sources */ = {
			isa = PBXSourcesBuildPhase;
			buildActionMask = 2147483647;
			files = (
			);
			runOnlyForDeploymentPostprocessing = 0;
		};
/* End PBXSourcesBuildPhase section */

/* Begin PBXTargetDependency section */
		D5FE145C2DAC8D4F00B6284D /* PBXTargetDependency */ = {
			isa = PBXTargetDependency;
			target = D5FE14492DAC8D4D00B6284D /* API SOCCER */;
			targetProxy = D5FE145B2DAC8D4F00B6284D /* PBXContainerItemProxy */;
		};
		D5FE14662DAC8D4F00B6284D /* PBXTargetDependency */ = {
			isa = PBXTargetDependency;
			target = D5FE14492DAC8D4D00B6284D /* API SOCCER */;
			targetProxy = D5FE14652DAC8D4F00B6284D /* PBXContainerItemProxy */;
		};
/* End PBXTargetDependency section */

/* Begin XCBuildConfiguration section */
		D5FE146C2DAC8D4F00B6284D /* Debug */ = {
			isa = XCBuildConfiguration;
			buildSettings = {
				ALWAYS_SEARCH_USER_PATHS = NO;
				ASSETCATALOG_COMPILER_GENERATE_SWIFT_ASSET_SYMBOL_EXTENSIONS = YES;
				CLANG_ANALYZER_NONNULL = YES;
				CLANG_ANALYZER_NUMBER_OBJECT_CONVERSION = YES_AGGRESSIVE;
				CLANG_CXX_LANGUAGE_STANDARD = "gnu++20";
				CLANG_ENABLE_MODULES = YES;
				CLANG_ENABLE_OBJC_ARC = YES;
				CLANG_ENABLE_OBJC_WEAK = YES;
				CLANG_WARN_BLOCK_CAPTURE_AUTORELEASING = YES;
				CLANG_WARN_BOOL_CONVERSION = YES;
				CLANG_WARN_COMMA = YES;
				CLANG_WARN_CONSTANT_CONVERSION = YES;
				CLANG_WARN_DEPRECATED_OBJC_IMPLEMENTATIONS = YES;
				CLANG_WARN_DIRECT_OBJC_ISA_USAGE = YES_ERROR;
				CLANG_WARN_DOCUMENTATION_COMMENTS = YES;
				CLANG_WARN_EMPTY_BODY = YES;
				CLANG_WARN_ENUM_CONVERSION = YES;
				CLANG_WARN_INFINITE_RECURSION = YES;
				CLANG_WARN_INT_CONVERSION = YES;
				CLANG_WARN_NON_LITERAL_NULL_CONVERSION = YES;
				CLANG_WARN_OBJC_IMPLICIT_RETAIN_SELF = YES;
				CLANG_WARN_OBJC_LITERAL_CONVERSION = YES;
				CLANG_WARN_OBJC_ROOT_CLASS = YES_ERROR;
				CLANG_WARN_QUOTED_INCLUDE_IN_FRAMEWORK_HEADER = YES;
				CLANG_WARN_RANGE_LOOP_ANALYSIS = YES;
				CLANG_WARN_STRICT_PROTOTYPES = YES;
				CLANG_WARN_SUSPICIOUS_MOVE = YES;
				CLANG_WARN_UNGUARDED_AVAILABILITY = YES_AGGRESSIVE;
				CLANG_WARN_UNREACHABLE_CODE = YES;
				CLANG_WARN__DUPLICATE_METHOD_MATCH = YES;
				COPY_PHASE_STRIP = NO;
				DEBUG_INFORMATION_FORMAT = dwarf;
				ENABLE_STRICT_OBJC_MSGSEND = YES;
				ENABLE_TESTABILITY = YES;
				ENABLE_USER_SCRIPT_SANDBOXING = YES;
				GCC_C_LANGUAGE_STANDARD = gnu17;
				GCC_DYNAMIC_NO_PIC = NO;
				GCC_NO_COMMON_BLOCKS = YES;
				GCC_OPTIMIZATION_LEVEL = 0;
				GCC_PREPROCESSOR_DEFINITIONS = (
					"DEBUG=1",
					"$(inherited)",
				);
				GCC_WARN_64_TO_32_BIT_CONVERSION = YES;
				GCC_WARN_ABOUT_RETURN_TYPE = YES_ERROR;
				GCC_WARN_UNDECLARED_SELECTOR = YES;
				GCC_WARN_UNINITIALIZED_AUTOS = YES_AGGRESSIVE;
				GCC_WARN_UNUSED_FUNCTION = YES;
				GCC_WARN_UNUSED_VARIABLE = YES;
				IPHONEOS_DEPLOYMENT_TARGET = 18.2;
				LOCALIZATION_PREFERS_STRING_CATALOGS = YES;
				MTL_ENABLE_DEBUG_INFO = INCLUDE_SOURCE;
				MTL_FAST_MATH = YES;
				ONLY_ACTIVE_ARCH = YES;
				SDKROOT = iphoneos;
				SWIFT_ACTIVE_COMPILATION_CONDITIONS = "DEBUG $(inherited)";
				SWIFT_OPTIMIZATION_LEVEL = "-Onone";
			};
			name = Debug;
		};
		D5FE146D2DAC8D4F00B6284D /* Release */ = {
			isa = XCBuildConfiguration;
			buildSettings = {
				ALWAYS_SEARCH_USER_PATHS = NO;
				ASSETCATALOG_COMPILER_GENERATE_SWIFT_ASSET_SYMBOL_EXTENSIONS = YES;
				CLANG_ANALYZER_NONNULL = YES;
				CLANG_ANALYZER_NUMBER_OBJECT_CONVERSION = YES_AGGRESSIVE;
				CLANG_CXX_LANGUAGE_STANDARD = "gnu++20";
				CLANG_ENABLE_MODULES = YES;
				CLANG_ENABLE_OBJC_ARC = YES;
				CLANG_ENABLE_OBJC_WEAK = YES;
				CLANG_WARN_BLOCK_CAPTURE_AUTORELEASING = YES;
				CLANG_WARN_BOOL_CONVERSION = YES;
				CLANG_WARN_COMMA = YES;
				CLANG_WARN_CONSTANT_CONVERSION = YES;
				CLANG_WARN_DEPRECATED_OBJC_IMPLEMENTATIONS = YES;
				CLANG_WARN_DIRECT_OBJC_ISA_USAGE = YES_ERROR;
				CLANG_WARN_DOCUMENTATION_COMMENTS = YES;
				CLANG_WARN_EMPTY_BODY = YES;
				CLANG_WARN_ENUM_CONVERSION = YES;
				CLANG_WARN_INFINITE_RECURSION = YES;
				CLANG_WARN_INT_CONVERSION = YES;
				CLANG_WARN_NON_LITERAL_NULL_CONVERSION = YES;
				CLANG_WARN_OBJC_IMPLICIT_RETAIN_SELF = YES;
				CLANG_WARN_OBJC_LITERAL_CONVERSION = YES;
				CLANG_WARN_OBJC_ROOT_CLASS = YES_ERROR;
				CLANG_WARN_QUOTED_INCLUDE_IN_FRAMEWORK_HEADER = YES;
				CLANG_WARN_RANGE_LOOP_ANALYSIS = YES;
				CLANG_WARN_STRICT_PROTOTYPES = YES;
				CLANG_WARN_SUSPICIOUS_MOVE = YES;
				CLANG_WARN_UNGUARDED_AVAILABILITY = YES_AGGRESSIVE;
				CLANG_WARN_UNREACHABLE_CODE = YES;
				CLANG_WARN__DUPLICATE_METHOD_MATCH = YES;
				COPY_PHASE_STRIP = NO;
				DEBUG_INFORMATION_FORMAT = "dwarf-with-dsym";
				ENABLE_NS_ASSERTIONS = NO;
				ENABLE_STRICT_OBJC_MSGSEND = YES;
				ENABLE_USER_SCRIPT_SANDBOXING = YES;
				GCC_C_LANGUAGE_STANDARD = gnu17;
				GCC_NO_COMMON_BLOCKS = YES;
				GCC_WARN_64_TO_32_BIT_CONVERSION = YES;
				GCC_WARN_ABOUT_RETURN_TYPE = YES_ERROR;
				GCC_WARN_UNDECLARED_SELECTOR = YES;
				GCC_WARN_UNINITIALIZED_AUTOS = YES_AGGRESSIVE;
				GCC_WARN_UNUSED_FUNCTION = YES;
				GCC_WARN_UNUSED_VARIABLE = YES;
				IPHONEOS_DEPLOYMENT_TARGET = 18.2;
				LOCALIZATION_PREFERS_STRING_CATALOGS = YES;
				MTL_ENABLE_DEBUG_INFO = NO;
				MTL_FAST_MATH = YES;
				SDKROOT = iphoneos;
				SWIFT_COMPILATION_MODE = wholemodule;
				VALIDATE_PRODUCT = YES;
			};
			name = Release;
		};
		D5FE146F2DAC8D4F00B6284D /* Debug */ = {
			isa = XCBuildConfiguration;
			buildSettings = {
				ASSETCATALOG_COMPILER_APPICON_NAME = AppIcon;
				ASSETCATALOG_COMPILER_GLOBAL_ACCENT_COLOR_NAME = AccentColor;
				CODE_SIGN_STYLE = Automatic;
				CURRENT_PROJECT_VERSION = 1;
				DEVELOPMENT_ASSET_PATHS = "\"API SOCCER/Preview Content\"";
				ENABLE_PREVIEWS = YES;
				GENERATE_INFOPLIST_FILE = YES;
				INFOPLIST_KEY_UIApplicationSceneManifest_Generation = YES;
				INFOPLIST_KEY_UIApplicationSupportsIndirectInputEvents = YES;
				INFOPLIST_KEY_UILaunchScreen_Generation = YES;
				INFOPLIST_KEY_UISupportedInterfaceOrientations_iPad = "UIInterfaceOrientationPortrait UIInterfaceOrientationPortraitUpsideDown UIInterfaceOrientationLandscapeLeft UIInterfaceOrientationLandscapeRight";
				INFOPLIST_KEY_UISupportedInterfaceOrientations_iPhone = "UIInterfaceOrientationPortrait UIInterfaceOrientationLandscapeLeft UIInterfaceOrientationLandscapeRight";
				LD_RUNPATH_SEARCH_PATHS = (
					"$(inherited)",
					"@executable_path/Frameworks",
				);
				MARKETING_VERSION = 1.0;
				PRODUCT_BUNDLE_IDENTIFIER = "Sam.API-SOCCER";
				PRODUCT_NAME = "$(TARGET_NAME)";
				SWIFT_EMIT_LOC_STRINGS = YES;
				SWIFT_VERSION = 5.0;
				TARGETED_DEVICE_FAMILY = "1,2";
			};
			name = Debug;
		};
		D5FE14702DAC8D4F00B6284D /* Release */ = {
			isa = XCBuildConfiguration;
			buildSettings = {
				ASSETCATALOG_COMPILER_APPICON_NAME = AppIcon;
				ASSETCATALOG_COMPILER_GLOBAL_ACCENT_COLOR_NAME = AccentColor;
				CODE_SIGN_STYLE = Automatic;
				CURRENT_PROJECT_VERSION = 1;
				DEVELOPMENT_ASSET_PATHS = "\"API SOCCER/Preview Content\"";
				ENABLE_PREVIEWS = YES;
				GENERATE_INFOPLIST_FILE = YES;
				INFOPLIST_KEY_UIApplicationSceneManifest_Generation = YES;
				INFOPLIST_KEY_UIApplicationSupportsIndirectInputEvents = YES;
				INFOPLIST_KEY_UILaunchScreen_Generation = YES;
				INFOPLIST_KEY_UISupportedInterfaceOrientations_iPad = "UIInterfaceOrientationPortrait UIInterfaceOrientationPortraitUpsideDown UIInterfaceOrientationLandscapeLeft UIInterfaceOrientationLandscapeRight";
				INFOPLIST_KEY_UISupportedInterfaceOrientations_iPhone = "UIInterfaceOrientationPortrait UIInterfaceOrientationLandscapeLeft UIInterfaceOrientationLandscapeRight";
				LD_RUNPATH_SEARCH_PATHS = (
					"$(inherited)",
					"@executable_path/Frameworks",
				);
				MARKETING_VERSION = 1.0;
				PRODUCT_BUNDLE_IDENTIFIER = "Sam.API-SOCCER";
				PRODUCT_NAME = "$(TARGET_NAME)";
				SWIFT_EMIT_LOC_STRINGS = YES;
				SWIFT_VERSION = 5.0;
				TARGETED_DEVICE_FAMILY = "1,2";
			};
			name = Release;
		};
		D5FE14722DAC8D4F00B6284D /* Debug */ = {
			isa = XCBuildConfiguration;
			buildSettings = {
				BUNDLE_LOADER = "$(TEST_HOST)";
				CODE_SIGN_STYLE = Automatic;
				CURRENT_PROJECT_VERSION = 1;
				GENERATE_INFOPLIST_FILE = YES;
				IPHONEOS_DEPLOYMENT_TARGET = 18.2;
				MARKETING_VERSION = 1.0;
				PRODUCT_BUNDLE_IDENTIFIER = "Sam.API-SOCCERTests";
				PRODUCT_NAME = "$(TARGET_NAME)";
				SWIFT_EMIT_LOC_STRINGS = NO;
				SWIFT_VERSION = 5.0;
				TARGETED_DEVICE_FAMILY = "1,2";
				TEST_HOST = "$(BUILT_PRODUCTS_DIR)/API SOCCER.app/$(BUNDLE_EXECUTABLE_FOLDER_PATH)/API SOCCER";
			};
			name = Debug;
		};
		D5FE14732DAC8D4F00B6284D /* Release */ = {
			isa = XCBuildConfiguration;
			buildSettings = {
				BUNDLE_LOADER = "$(TEST_HOST)";
				CODE_SIGN_STYLE = Automatic;
				CURRENT_PROJECT_VERSION = 1;
				GENERATE_INFOPLIST_FILE = YES;
				IPHONEOS_DEPLOYMENT_TARGET = 18.2;
				MARKETING_VERSION = 1.0;
				PRODUCT_BUNDLE_IDENTIFIER = "Sam.API-SOCCERTests";
				PRODUCT_NAME = "$(TARGET_NAME)";
				SWIFT_EMIT_LOC_STRINGS = NO;
				SWIFT_VERSION = 5.0;
				TARGETED_DEVICE_FAMILY = "1,2";
				TEST_HOST = "$(BUILT_PRODUCTS_DIR)/API SOCCER.app/$(BUNDLE_EXECUTABLE_FOLDER_PATH)/API SOCCER";
			};
			name = Release;
		};
		D5FE14752DAC8D4F00B6284D /* Debug */ = {
			isa = XCBuildConfiguration;
			buildSettings = {
				CODE_SIGN_STYLE = Automatic;
				CURRENT_PROJECT_VERSION = 1;
				GENERATE_INFOPLIST_FILE = YES;
				MARKETING_VERSION = 1.0;
				PRODUCT_BUNDLE_IDENTIFIER = "Sam.API-SOCCERUITests";
				PRODUCT_NAME = "$(TARGET_NAME)";
				SWIFT_EMIT_LOC_STRINGS = NO;
				SWIFT_VERSION = 5.0;
				TARGETED_DEVICE_FAMILY = "1,2";
				TEST_TARGET_NAME = "API SOCCER";
			};
			name = Debug;
		};
		D5FE14762DAC8D4F00B6284D /* Release */ = {
			isa = XCBuildConfiguration;
			buildSettings = {
				CODE_SIGN_STYLE = Automatic;
				CURRENT_PROJECT_VERSION = 1;
				GENERATE_INFOPLIST_FILE = YES;
				MARKETING_VERSION = 1.0;
				PRODUCT_BUNDLE_IDENTIFIER = "Sam.API-SOCCERUITests";
				PRODUCT_NAME = "$(TARGET_NAME)";
				SWIFT_EMIT_LOC_STRINGS = NO;
				SWIFT_VERSION = 5.0;
				TARGETED_DEVICE_FAMILY = "1,2";
				TEST_TARGET_NAME = "API SOCCER";
			};
			name = Release;
		};
/* End XCBuildConfiguration section */

/* Begin XCConfigurationList section */
		D5FE14452DAC8D4D00B6284D /* Build configuration list for PBXProject "API SOCCER" */ = {
			isa = XCConfigurationList;
			buildConfigurations = (
				D5FE146C2DAC8D4F00B6284D /* Debug */,
				D5FE146D2DAC8D4F00B6284D /* Release */,
			);
			defaultConfigurationIsVisible = 0;
			defaultConfigurationName = Release;
		};
		D5FE146E2DAC8D4F00B6284D /* Build configuration list for PBXNativeTarget "API SOCCER" */ = {
			isa = XCConfigurationList;
			buildConfigurations = (
				D5FE146F2DAC8D4F00B6284D /* Debug */,
				D5FE14702DAC8D4F00B6284D /* Release */,
			);
			defaultConfigurationIsVisible = 0;
			defaultConfigurationName = Release;
		};
		D5FE14712DAC8D4F00B6284D /* Build configuration list for PBXNativeTarget "API SOCCERTests" */ = {
			isa = XCConfigurationList;
			buildConfigurations = (
				D5FE14722DAC8D4F00B6284D /* Debug */,
				D5FE14732DAC8D4F00B6284D /* Release */,
			);
			defaultConfigurationIsVisible = 0;
			defaultConfigurationName = Release;
		};
		D5FE14742DAC8D4F00B6284D /* Build configuration list for PBXNativeTarget "API SOCCERUITests" */ = {
			isa = XCConfigurationList;
			buildConfigurations = (
				D5FE14752DAC8D4F00B6284D /* Debug */,
				D5FE14762DAC8D4F00B6284D /* Release */,
			);
			defaultConfigurationIsVisible = 0;
			defaultConfigurationName = Release;
		};
/* End XCConfigurationList section */
	};
	rootObject = D5FE14422DAC8D4D00B6284D /* Project object */;
}
